
Microsoft Visual Studio Solution File, Format Version 12.00
# Visual Studio Version 16
VisualStudioVersion = 16.0.29215.179
MinimumVisualStudioVersion = 10.0.40219.1
Project("{FAE04EC0-301F-11D3-BF4B-00C04F79EFBC}") = "WebApi", "WebApi\WebApi.csproj", "{2D4DF3D4-67C6-4128-9174-6B2CBCB85803}"
EndProject
Project("{FAE04EC0-301F-11D3-BF4B-00C04F79EFBC}") = "DataModels", "DataModels\DataModels.csproj", "{F1EC81DF-E2B2-4A08-B7BD-F8F9206F2F60}"
EndProject
Project("{FAE04EC0-301F-11D3-BF4B-00C04F79EFBC}") = "DataAccess", "DataAccess\DataAccess.csproj", "{95B3F437-40F6-4BD6-A3ED-2220C29A4F7F}"
EndProject
Project("{FAE04EC0-301F-11D3-BF4B-00C04F79EFBC}") = "Models", "Models\Models.csproj", "{E8443703-CE3B-448F-BFFF-6DF321EA27B4}"
EndProject
Project("{FAE04EC0-301F-11D3-BF4B-00C04F79EFBC}") = "Services", "Services\Services.csproj", "{888C0251-920B-4B93-BB4D-65884DD1618A}"
EndProject
Global
	GlobalSection(SolutionConfigurationPlatforms) = preSolution
		Debug|Any CPU = Debug|Any CPU
		Release|Any CPU = Release|Any CPU
	EndGlobalSection
	GlobalSection(ProjectConfigurationPlatforms) = postSolution
		{2D4DF3D4-67C6-4128-9174-6B2CBCB85803}.Debug|Any CPU.ActiveCfg = Debug|Any CPU
		{2D4DF3D4-67C6-4128-9174-6B2CBCB85803}.Debug|Any CPU.Build.0 = Debug|Any CPU
		{2D4DF3D4-67C6-4128-9174-6B2CBCB85803}.Release|Any CPU.ActiveCfg = Release|Any CPU
		{2D4DF3D4-67C6-4128-9174-6B2CBCB85803}.Release|Any CPU.Build.0 = Release|Any CPU
		{F1EC81DF-E2B2-4A08-B7BD-F8F9206F2F60}.Debug|Any CPU.ActiveCfg = Debug|Any CPU
		{F1EC81DF-E2B2-4A08-B7BD-F8F9206F2F60}.Debug|Any CPU.Build.0 = Debug|Any CPU
		{F1EC81DF-E2B2-4A08-B7BD-F8F9206F2F60}.Release|Any CPU.ActiveCfg = Release|Any CPU
		{F1EC81DF-E2B2-4A08-B7BD-F8F9206F2F60}.Release|Any CPU.Build.0 = Release|Any CPU
		{95B3F437-40F6-4BD6-A3ED-2220C29A4F7F}.Debug|Any CPU.ActiveCfg = Debug|Any CPU
		{95B3F437-40F6-4BD6-A3ED-2220C29A4F7F}.Debug|Any CPU.Build.0 = Debug|Any CPU
		{95B3F437-40F6-4BD6-A3ED-2220C29A4F7F}.Release|Any CPU.ActiveCfg = Release|Any CPU
		{95B3F437-40F6-4BD6-A3ED-2220C29A4F7F}.Release|Any CPU.Build.0 = Release|Any CPU
		{E8443703-CE3B-448F-BFFF-6DF321EA27B4}.Debug|Any CPU.ActiveCfg = Debug|Any CPU
		{E8443703-CE3B-448F-BFFF-6DF321EA27B4}.Debug|Any CPU.Build.0 = Debug|Any CPU
		{E8443703-CE3B-448F-BFFF-6DF321EA27B4}.Release|Any CPU.ActiveCfg = Release|Any CPU
		{E8443703-CE3B-448F-BFFF-6DF321EA27B4}.Release|Any CPU.Build.0 = Release|Any CPU
		{888C0251-920B-4B93-BB4D-65884DD1618A}.Debug|Any CPU.ActiveCfg = Debug|Any CPU
		{888C0251-920B-4B93-BB4D-65884DD1618A}.Debug|Any CPU.Build.0 = Debug|Any CPU
		{888C0251-920B-4B93-BB4D-65884DD1618A}.Release|Any CPU.ActiveCfg = Release|Any CPU
		{888C0251-920B-4B93-BB4D-65884DD1618A}.Release|Any CPU.Build.0 = Release|Any CPU
	EndGlobalSection
	GlobalSection(SolutionProperties) = preSolution
		HideSolutionNode = FALSE
	EndGlobalSection
	GlobalSection(ExtensibilityGlobals) = postSolution
		SolutionGuid = {BC214740-5F6A-4208-BBEA-C1EA25F32FF3}
	EndGlobalSection
EndGlobal
